
Microsoft Visual Studio Solution File, Format Version 12.00
# Visual Studio Version 16
VisualStudioVersion = 16.0.32901.82
MinimumVisualStudioVersion = 10.0.40219.1
Project("{FAE04EC0-301F-11D3-BF4B-00C04F79EFBC}") = "DeweyDecimalStacking", "DeweyDecimalStacking.csproj", "{65C22EA5-F3E5-4653-A2ED-24847692DED0}"
EndProject
Global
	GlobalSection(SolutionConfigurationPlatforms) = preSolution
		Debug|Any CPU = Debug|Any CPU
		Release|Any CPU = Release|Any CPU
	EndGlobalSection
	GlobalSection(ProjectConfigurationPlatforms) = postSolution
		{65C22EA5-F3E5-4653-A2ED-24847692DED0}.Debug|Any CPU.ActiveCfg = Debug|Any CPU
		{65C22EA5-F3E5-4653-A2ED-24847692DED0}.Debug|Any CPU.Build.0 = Debug|Any CPU
		{65C22EA5-F3E5-4653-A2ED-24847692DED0}.Release|Any CPU.ActiveCfg = Release|Any CPU
		{65C22EA5-F3E5-4653-A2ED-24847692DED0}.Release|Any CPU.Build.0 = Release|Any CPU
	EndGlobalSection
	GlobalSection(SolutionProperties) = preSolution
		HideSolutionNode = FALSE
	EndGlobalSection
	GlobalSection(ExtensibilityGlobals) = postSolution
		SolutionGuid = {1105C257-2165-4188-925F-DA4BAD2C6A54}
	EndGlobalSection
EndGlobal
